github.com/rizalramli/go-say-hello v1.0.0 h1:GrDDqzmLKN32bjhQQl/EpB9/HEZ5gx+Qrxf0angrHSo=
github.com/rizalramli/go-say-hello v1.0.0/go.mod h1:43N5JGtK5nr2CtGXe7Ugf2Rwi+dNS02pzylbV7Ep3Rk=
github.com/rizalramli/go-say-hello v1.1.1 h1:1p3lFcbI8gZswOp2+nx2p9xDNUZOK7LyQFN4PDWBBaM=
github.com/rizalramli/go-say-hello v1.1.1/go.mod h1:43N5JGtK5nr2CtGXe7Ugf2Rwi+dNS02pzylbV7Ep3Rk=
github.com/rizalramli/go-say-hello/v2 v2.0.0 h1:y/n9AMFZlvADhPomcUksCNDGM8jTbyHhnvcxHtIK+bI=
github.com/rizalramli/go-say-hello/v2 v2.0.0/go.mod h1:RouRc5UVO0u7a/n1QW71FonJDBZnVbxHiIT04tKQB2c=
